
Microsoft Visual Studio Solution File, Format Version 12.00
# Visual Studio 15
VisualStudioVersion = 15.0.26124.0
MinimumVisualStudioVersion = 15.0.26124.0
Project("{2150E333-8FDC-42A3-9474-1A3956D46DE8}") = "src", "src", "{360D12C8-C7EF-4C43-9A1E-A703CB1E0FC0}"
EndProject
Project("{FAE04EC0-301F-11D3-BF4B-00C04F79EFBC}") = "NSDS.Web", "src\NSDS.Web\NSDS.Web.csproj", "{D4F94B8E-4BFC-4287-8F6E-750FBA075325}"
EndProject
Project("{FAE04EC0-301F-11D3-BF4B-00C04F79EFBC}") = "NSDS.Core", "src\NSDS.Core\NSDS.Core.csproj", "{2A51750D-2238-4104-B009-7F62301D6B3C}"
EndProject
Project("{FAE04EC0-301F-11D3-BF4B-00C04F79EFBC}") = "tests", "tests\tests.csproj", "{8587A859-3CE7-4FAD-9D58-94E87FC832F8}"
EndProject
Global
	GlobalSection(SolutionConfigurationPlatforms) = preSolution
		Debug|Any CPU = Debug|Any CPU
		Debug|x64 = Debug|x64
		Debug|x86 = Debug|x86
		Release|Any CPU = Release|Any CPU
		Release|x64 = Release|x64
		Release|x86 = Release|x86
	EndGlobalSection
	GlobalSection(SolutionProperties) = preSolution
		HideSolutionNode = FALSE
	EndGlobalSection
	GlobalSection(ProjectConfigurationPlatforms) = postSolution
		{D4F94B8E-4BFC-4287-8F6E-750FBA075325}.Debug|Any CPU.ActiveCfg = Debug|Any CPU
		{D4F94B8E-4BFC-4287-8F6E-750FBA075325}.Debug|Any CPU.Build.0 = Debug|Any CPU
		{D4F94B8E-4BFC-4287-8F6E-750FBA075325}.Debug|x64.ActiveCfg = Debug|x64
		{D4F94B8E-4BFC-4287-8F6E-750FBA075325}.Debug|x64.Build.0 = Debug|x64
		{D4F94B8E-4BFC-4287-8F6E-750FBA075325}.Debug|x86.ActiveCfg = Debug|x86
		{D4F94B8E-4BFC-4287-8F6E-750FBA075325}.Debug|x86.Build.0 = Debug|x86
		{D4F94B8E-4BFC-4287-8F6E-750FBA075325}.Release|Any CPU.ActiveCfg = Release|Any CPU
		{D4F94B8E-4BFC-4287-8F6E-750FBA075325}.Release|Any CPU.Build.0 = Release|Any CPU
		{D4F94B8E-4BFC-4287-8F6E-750FBA075325}.Release|x64.ActiveCfg = Release|x64
		{D4F94B8E-4BFC-4287-8F6E-750FBA075325}.Release|x64.Build.0 = Release|x64
		{D4F94B8E-4BFC-4287-8F6E-750FBA075325}.Release|x86.ActiveCfg = Release|x86
		{D4F94B8E-4BFC-4287-8F6E-750FBA075325}.Release|x86.Build.0 = Release|x86
		{2A51750D-2238-4104-B009-7F62301D6B3C}.Debug|Any CPU.ActiveCfg = Debug|Any CPU
		{2A51750D-2238-4104-B009-7F62301D6B3C}.Debug|Any CPU.Build.0 = Debug|Any CPU
		{2A51750D-2238-4104-B009-7F62301D6B3C}.Debug|x64.ActiveCfg = Debug|x64
		{2A51750D-2238-4104-B009-7F62301D6B3C}.Debug|x64.Build.0 = Debug|x64
		{2A51750D-2238-4104-B009-7F62301D6B3C}.Debug|x86.ActiveCfg = Debug|x86
		{2A51750D-2238-4104-B009-7F62301D6B3C}.Debug|x86.Build.0 = Debug|x86
		{2A51750D-2238-4104-B009-7F62301D6B3C}.Release|Any CPU.ActiveCfg = Release|Any CPU
		{2A51750D-2238-4104-B009-7F62301D6B3C}.Release|Any CPU.Build.0 = Release|Any CPU
		{2A51750D-2238-4104-B009-7F62301D6B3C}.Release|x64.ActiveCfg = Release|x64
		{2A51750D-2238-4104-B009-7F62301D6B3C}.Release|x64.Build.0 = Release|x64
		{2A51750D-2238-4104-B009-7F62301D6B3C}.Release|x86.ActiveCfg = Release|x86
		{2A51750D-2238-4104-B009-7F62301D6B3C}.Release|x86.Build.0 = Release|x86
		{8587A859-3CE7-4FAD-9D58-94E87FC832F8}.Debug|Any CPU.ActiveCfg = Debug|Any CPU
		{8587A859-3CE7-4FAD-9D58-94E87FC832F8}.Debug|Any CPU.Build.0 = Debug|Any CPU
		{8587A859-3CE7-4FAD-9D58-94E87FC832F8}.Debug|x64.ActiveCfg = Debug|x64
		{8587A859-3CE7-4FAD-9D58-94E87FC832F8}.Debug|x64.Build.0 = Debug|x64
		{8587A859-3CE7-4FAD-9D58-94E87FC832F8}.Debug|x86.ActiveCfg = Debug|x86
		{8587A859-3CE7-4FAD-9D58-94E87FC832F8}.Debug|x86.Build.0 = Debug|x86
		{8587A859-3CE7-4FAD-9D58-94E87FC832F8}.Release|Any CPU.ActiveCfg = Release|Any CPU
		{8587A859-3CE7-4FAD-9D58-94E87FC832F8}.Release|Any CPU.Build.0 = Release|Any CPU
		{8587A859-3CE7-4FAD-9D58-94E87FC832F8}.Release|x64.ActiveCfg = Release|x64
		{8587A859-3CE7-4FAD-9D58-94E87FC832F8}.Release|x64.Build.0 = Release|x64
		{8587A859-3CE7-4FAD-9D58-94E87FC832F8}.Release|x86.ActiveCfg = Release|x86
		{8587A859-3CE7-4FAD-9D58-94E87FC832F8}.Release|x86.Build.0 = Release|x86
	EndGlobalSection
	GlobalSection(NestedProjects) = preSolution
		{D4F94B8E-4BFC-4287-8F6E-750FBA075325} = {360D12C8-C7EF-4C43-9A1E-A703CB1E0FC0}
		{2A51750D-2238-4104-B009-7F62301D6B3C} = {360D12C8-C7EF-4C43-9A1E-A703CB1E0FC0}
	EndGlobalSection
EndGlobal
